{
  "originHash" : "0f95d1d6ca7aa27a90afc0aac50a0068fbabac451345542b9542e1940c3633b2",
  "pins" : [
    {
      "identity" : "horizoncalendar",
      "kind" : "remoteSourceControl",
      "location" : "https://github.com/airbnb/HorizonCalendar",
      "state" : {
        "revision" : "a360d71a1255f0b24e378f2ee31a7a7d674a49b6",
        "version" : "2.0.0"
      }
    }
  ],
  "version" : 3
}
